// !$*UTF8*$!
{
	archiveVersion = 1;
	classes = {
	};
	objectVersion = 46;
	objects = {

/* Begin PBXBuildFile section */
		07C8CD921A121050EB909AB1 /* Pods_testcustomTabbar.framework in Frameworks */ = {isa = PBXBuildFile; fileRef = F68B253AC41A3B0469FEB046 /* Pods_testcustomTabbar.framework */; };
		B21E53051F9D0B1200196598 /* CustomTabbarVC.swift in Sources */ = {isa = PBXBuildFile; fileRef = B21E53021F9D0B1200196598 /* CustomTabbarVC.swift */; };
		B21E53061F9D0B1200196598 /* HTabbarView.swift in Sources */ = {isa = PBXBuildFile; fileRef = B21E53031F9D0B1200196598 /* HTabbarView.swift */; };
		B21E53071F9D0B1200196598 /* HTabItemView.swift in Sources */ = {isa = PBXBuildFile; fileRef = B21E53041F9D0B1200196598 /* HTabItemView.swift */; };
		B21E53091F9D0B6B00196598 /* FourVC.swift in Sources */ = {isa = PBXBuildFile; fileRef = B21E53081F9D0B6B00196598 /* FourVC.swift */; };
		B2C9C4431F67C029008E650A /* AppDelegate.swift in Sources */ = {isa = PBXBuildFile; fileRef = B2C9C4421F67C029008E650A /* AppDelegate.swift */; };
		B2C9C4481F67C029008E650A /* Main.storyboard in Resources */ = {isa = PBXBuildFile; fileRef = B2C9C4461F67C029008E650A /* Main.storyboard */; };
		B2C9C44A1F67C029008E650A /* Assets.xcassets in Resources */ = {isa = PBXBuildFile; fileRef = B2C9C4491F67C029008E650A /* Assets.xcassets */; };
		B2C9C44D1F67C029008E650A /* LaunchScreen.storyboard in Resources */ = {isa = PBXBuildFile; fileRef = B2C9C44B1F67C029008E650A /* LaunchScreen.storyboard */; };
		B2C9C4571F67C22D008E650A /* OneVC.swift in Sources */ = {isa = PBXBuildFile; fileRef = B2C9C4561F67C22D008E650A /* OneVC.swift */; };
		B2C9C4591F67C244008E650A /* TwoVC.swift in Sources */ = {isa = PBXBuildFile; fileRef = B2C9C4581F67C244008E650A /* TwoVC.swift */; };
		B2C9C45B1F67C255008E650A /* ThreeVC.swift in Sources */ = {isa = PBXBuildFile; fileRef = B2C9C45A1F67C255008E650A /* ThreeVC.swift */; };
/* End PBXBuildFile section */

/* Begin PBXFileReference section */
		71F559438E8AA67333C076BE /* Pods-testcustomTabbar.release.xcconfig */ = {isa = PBXFileReference; includeInIndex = 1; lastKnownFileType = text.xcconfig; name = "Pods-testcustomTabbar.release.xcconfig"; path = "Pods/Target Support Files/Pods-testcustomTabbar/Pods-testcustomTabbar.release.xcconfig"; sourceTree = "<group>"; };
		B21E53021F9D0B1200196598 /* CustomTabbarVC.swift */ = {isa = PBXFileReference; fileEncoding = 4; lastKnownFileType = sourcecode.swift; path = CustomTabbarVC.swift; sourceTree = "<group>"; };
		B21E53031F9D0B1200196598 /* HTabbarView.swift */ = {isa = PBXFileReference; fileEncoding = 4; lastKnownFileType = sourcecode.swift; path = HTabbarView.swift; sourceTree = "<group>"; };
		B21E53041F9D0B1200196598 /* HTabItemView.swift */ = {isa = PBXFileReference; fileEncoding = 4; lastKnownFileType = sourcecode.swift; path = HTabItemView.swift; sourceTree = "<group>"; };
		B21E53081F9D0B6B00196598 /* FourVC.swift */ = {isa = PBXFileReference; fileEncoding = 4; lastKnownFileType = sourcecode.swift; path = FourVC.swift; sourceTree = "<group>"; };
		B2C9C43F1F67C029008E650A /* testcustomTabbar.app */ = {isa = PBXFileReference; explicitFileType = wrapper.application; includeInIndex = 0; path = testcustomTabbar.app; sourceTree = BUILT_PRODUCTS_DIR; };
		B2C9C4421F67C029008E650A /* AppDelegate.swift */ = {isa = PBXFileReference; lastKnownFileType = sourcecode.swift; path = AppDelegate.swift; sourceTree = "<group>"; };
		B2C9C4471F67C029008E650A /* Base */ = {isa = PBXFileReference; lastKnownFileType = file.storyboard; name = Base; path = Base.lproj/Main.storyboard; sourceTree = "<group>"; };
		B2C9C4491F67C029008E650A /* Assets.xcassets */ = {isa = PBXFileReference; lastKnownFileType = folder.assetcatalog; path = Assets.xcassets; sourceTree = "<group>"; };
		B2C9C44C1F67C029008E650A /* Base */ = {isa = PBXFileReference; lastKnownFileType = file.storyboard; name = Base; path = Base.lproj/LaunchScreen.storyboard; sourceTree = "<group>"; };
		B2C9C44E1F67C029008E650A /* Info.plist */ = {isa = PBXFileReference; lastKnownFileType = text.plist.xml; path = Info.plist; sourceTree = "<group>"; };
		B2C9C4561F67C22D008E650A /* OneVC.swift */ = {isa = PBXFileReference; fileEncoding = 4; lastKnownFileType = sourcecode.swift; path = OneVC.swift; sourceTree = "<group>"; };
		B2C9C4581F67C244008E650A /* TwoVC.swift */ = {isa = PBXFileReference; fileEncoding = 4; lastKnownFileType = sourcecode.swift; path = TwoVC.swift; sourceTree = "<group>"; };
		B2C9C45A1F67C255008E650A /* ThreeVC.swift */ = {isa = PBXFileReference; fileEncoding = 4; lastKnownFileType = sourcecode.swift; path = ThreeVC.swift; sourceTree = "<group>"; };
		F44B67C2B4F1868C0C6EBE96 /* Pods-testcustomTabbar.debug.xcconfig */ = {isa = PBXFileReference; includeInIndex = 1; lastKnownFileType = text.xcconfig; name = "Pods-testcustomTabbar.debug.xcconfig"; path = "Pods/Target Support Files/Pods-testcustomTabbar/Pods-testcustomTabbar.debug.xcconfig"; sourceTree = "<group>"; };
		F68B253AC41A3B0469FEB046 /* Pods_testcustomTabbar.framework */ = {isa = PBXFileReference; explicitFileType = wrapper.framework; includeInIndex = 0; path = Pods_testcustomTabbar.framework; sourceTree = BUILT_PRODUCTS_DIR; };
/* End PBXFileReference section */

/* Begin PBXFrameworksBuildPhase section */
		B2C9C43C1F67C029008E650A /* Frameworks */ = {
			isa = PBXFrameworksBuildPhase;
			buildActionMask = 2147483647;
			files = (
				07C8CD921A121050EB909AB1 /* Pods_testcustomTabbar.framework in Frameworks */,
			);
			runOnlyForDeploymentPostprocessing = 0;
		};
/* End PBXFrameworksBuildPhase section */

/* Begin PBXGroup section */
		6B836A9A4073E9C68D59817A /* Pods */ = {
			isa = PBXGroup;
			children = (
				F44B67C2B4F1868C0C6EBE96 /* Pods-testcustomTabbar.debug.xcconfig */,
				71F559438E8AA67333C076BE /* Pods-testcustomTabbar.release.xcconfig */,
			);
			name = Pods;
			sourceTree = "<group>";
		};
		B21E53011F9D0B1200196598 /* CustomTabbarVC */ = {
			isa = PBXGroup;
			children = (
				B21E53021F9D0B1200196598 /* CustomTabbarVC.swift */,
				B21E53031F9D0B1200196598 /* HTabbarView.swift */,
				B21E53041F9D0B1200196598 /* HTabItemView.swift */,
			);
			path = CustomTabbarVC;
			sourceTree = "<group>";
		};
		B2C9C4361F67C029008E650A = {
			isa = PBXGroup;
			children = (
				B2C9C4411F67C029008E650A /* testcustomTabbar */,
				B2C9C4401F67C029008E650A /* Products */,
				6B836A9A4073E9C68D59817A /* Pods */,
				BFB52EEF78E8D95B1C46BA3D /* Frameworks */,
			);
			sourceTree = "<group>";
		};
		B2C9C4401F67C029008E650A /* Products */ = {
			isa = PBXGroup;
			children = (
				B2C9C43F1F67C029008E650A /* testcustomTabbar.app */,
			);
			name = Products;
			sourceTree = "<group>";
		};
		B2C9C4411F67C029008E650A /* testcustomTabbar */ = {
			isa = PBXGroup;
			children = (
				B2C9C4421F67C029008E650A /* AppDelegate.swift */,
				B21E53081F9D0B6B00196598 /* FourVC.swift */,
				B2C9C45A1F67C255008E650A /* ThreeVC.swift */,
				B2C9C4561F67C22D008E650A /* OneVC.swift */,
				B2C9C4461F67C029008E650A /* Main.storyboard */,
				B2C9C4491F67C029008E650A /* Assets.xcassets */,
				B21E53011F9D0B1200196598 /* CustomTabbarVC */,
				B2C9C44B1F67C029008E650A /* LaunchScreen.storyboard */,
				B2C9C44E1F67C029008E650A /* Info.plist */,
				B2C9C4581F67C244008E650A /* TwoVC.swift */,
			);
			path = testcustomTabbar;
			sourceTree = "<group>";
		};
		BFB52EEF78E8D95B1C46BA3D /* Frameworks */ = {
			isa = PBXGroup;
			children = (
				F68B253AC41A3B0469FEB046 /* Pods_testcustomTabbar.framework */,
			);
			name = Frameworks;
			sourceTree = "<group>";
		};
/* End PBXGroup section */

/* Begin PBXNativeTarget section */
		B2C9C43E1F67C029008E650A /* testcustomTabbar */ = {
			isa = PBXNativeTarget;
			buildConfigurationList = B2C9C4511F67C029008E650A /* Build configuration list for PBXNativeTarget "testcustomTabbar" */;
			buildPhases = (
				C7D3330C8100FE9E8739BA6E /* [CP] Check Pods Manifest.lock */,
				B2C9C43B1F67C029008E650A /* Sources */,
				B2C9C43C1F67C029008E650A /* Frameworks */,
				B2C9C43D1F67C029008E650A /* Resources */,
				F176439E40C79D6608A53844 /* [CP] Embed Pods Frameworks */,
				8544F53763F62960FB379301 /* [CP] Copy Pods Resources */,
			);
			buildRules = (
			);
			dependencies = (
			);
			name = testcustomTabbar;
			productName = testcustomTabbar;
			productReference = B2C9C43F1F67C029008E650A /* testcustomTabbar.app */;
			productType = "com.apple.product-type.application";
		};
/* End PBXNativeTarget section */

/* Begin PBXProject section */
		B2C9C4371F67C029008E650A /* Project object */ = {
			isa = PBXProject;
			attributes = {
				LastSwiftUpdateCheck = 0830;
				LastUpgradeCheck = 0830;
				ORGANIZATIONNAME = "Nguyen Huy";
				TargetAttributes = {
					B2C9C43E1F67C029008E650A = {
						CreatedOnToolsVersion = 8.3.2;
						DevelopmentTeam = B47DUP6P8L;
						ProvisioningStyle = Automatic;
					};
				};
			};
			buildConfigurationList = B2C9C43A1F67C029008E650A /* Build configuration list for PBXProject "testcustomTabbar" */;
			compatibilityVersion = "Xcode 3.2";
			developmentRegion = English;
			hasScannedForEncodings = 0;
			knownRegions = (
				en,
				Base,
			);
			mainGroup = B2C9C4361F67C029008E650A;
			productRefGroup = B2C9C4401F67C029008E650A /* Products */;
			projectDirPath = "";
			projectRoot = "";
			targets = (
				B2C9C43E1F67C029008E650A /* testcustomTabbar */,
			);
		};
/* End PBXProject section */

/* Begin PBXResourcesBuildPhase section */
		B2C9C43D1F67C029008E650A /* Resources */ = {
			isa = PBXResourcesBuildPhase;
			buildActionMask = 2147483647;
			files = (
				B2C9C44D1F67C029008E650A /* LaunchScreen.storyboard in Resources */,
				B2C9C44A1F67C029008E650A /* Assets.xcassets in Resources */,
				B2C9C4481F67C029008E650A /* Main.storyboard in Resources */,
			);
			runOnlyForDeploymentPostprocessing = 0;
		};
/* End PBXResourcesBuildPhase section */

/* Begin PBXShellScriptBuildPhase section */
		8544F53763F62960FB379301 /* [CP] Copy Pods Resources */ = {
			isa = PBXShellScriptBuildPhase;
			buildActionMask = 2147483647;
			files = (
			);
			inputPaths = (
			);
			name = "[CP] Copy Pods Resources";
			outputPaths = (
			);
			runOnlyForDeploymentPostprocessing = 0;
			shellPath = /bin/sh;
			shellScript = "\"${SRCROOT}/Pods/Target Support Files/Pods-testcustomTabbar/Pods-testcustomTabbar-resources.sh\"\n";
			showEnvVarsInLog = 0;
		};
		C7D3330C8100FE9E8739BA6E /* [CP] Check Pods Manifest.lock */ = {
			isa = PBXShellScriptBuildPhase;
			buildActionMask = 2147483647;
			files = (
			);
			inputPaths = (
			);
			name = "[CP] Check Pods Manifest.lock";
			outputPaths = (
			);
			runOnlyForDeploymentPostprocessing = 0;
			shellPath = /bin/sh;
			shellScript = "diff \"${PODS_PODFILE_DIR_PATH}/Podfile.lock\" \"${PODS_ROOT}/Manifest.lock\" > /dev/null\nif [ $? != 0 ] ; then\n    # print error to STDERR\n    echo \"error: The sandbox is not in sync with the Podfile.lock. Run 'pod install' or update your CocoaPods installation.\" >&2\n    exit 1\nfi\n";
			showEnvVarsInLog = 0;
		};
		F176439E40C79D6608A53844 /* [CP] Embed Pods Frameworks */ = {
			isa = PBXShellScriptBuildPhase;
			buildActionMask = 2147483647;
			files = (
			);
			inputPaths = (
			);
			name = "[CP] Embed Pods Frameworks";
			outputPaths = (
			);
			runOnlyForDeploymentPostprocessing = 0;
			shellPath = /bin/sh;
			shellScript = "\"${SRCROOT}/Pods/Target Support Files/Pods-testcustomTabbar/Pods-testcustomTabbar-frameworks.sh\"\n";
			showEnvVarsInLog = 0;
		};
/* End PBXShellScriptBuildPhase section */

/* Begin PBXSourcesBuildPhase section */
		B2C9C43B1F67C029008E650A /* Sources */ = {
			isa = PBXSourcesBuildPhase;
			buildActionMask = 2147483647;
			files = (
				B21E53051F9D0B1200196598 /* CustomTabbarVC.swift in Sources */,
				B21E53061F9D0B1200196598 /* HTabbarView.swift in Sources */,
				B2C9C4431F67C029008E650A /* AppDelegate.swift in Sources */,
				B21E53071F9D0B1200196598 /* HTabItemView.swift in Sources */,
				B21E53091F9D0B6B00196598 /* FourVC.swift in Sources */,
				B2C9C45B1F67C255008E650A /* ThreeVC.swift in Sources */,
				B2C9C4591F67C244008E650A /* TwoVC.swift in Sources */,
				B2C9C4571F67C22D008E650A /* OneVC.swift in Sources */,
			);
			runOnlyForDeploymentPostprocessing = 0;
		};
/* End PBXSourcesBuildPhase section */

/* Begin PBXVariantGroup section */
		B2C9C4461F67C029008E650A /* Main.storyboard */ = {
			isa = PBXVariantGroup;
			children = (
				B2C9C4471F67C029008E650A /* Base */,
			);
			name = Main.storyboard;
			sourceTree = "<group>";
		};
		B2C9C44B1F67C029008E650A /* LaunchScreen.storyboard */ = {
			isa = PBXVariantGroup;
			children = (
				B2C9C44C1F67C029008E650A /* Base */,
			);
			name = LaunchScreen.storyboard;
			sourceTree = "<group>";
		};
/* End PBXVariantGroup section */

/* Begin XCBuildConfiguration section */
		B2C9C44F1F67C029008E650A /* Debug */ = {
			isa = XCBuildConfiguration;
			buildSettings = {
				ALWAYS_SEARCH_USER_PATHS = NO;
				CLANG_ANALYZER_NONNULL = YES;
				CLANG_ANALYZER_NUMBER_OBJECT_CONVERSION = YES_AGGRESSIVE;
				CLANG_CXX_LANGUAGE_STANDARD = "gnu++0x";
				CLANG_CXX_LIBRARY = "libc++";
				CLANG_ENABLE_MODULES = YES;
				CLANG_ENABLE_OBJC_ARC = YES;
				CLANG_WARN_BOOL_CONVERSION = YES;
				CLANG_WARN_CONSTANT_CONVERSION = YES;
				CLANG_WARN_DIRECT_OBJC_ISA_USAGE = YES_ERROR;
				CLANG_WARN_DOCUMENTATION_COMMENTS = YES;
				CLANG_WARN_EMPTY_BODY = YES;
				CLANG_WARN_ENUM_CONVERSION = YES;
				CLANG_WARN_INFINITE_RECURSION = YES;
				CLANG_WARN_INT_CONVERSION = YES;
				CLANG_WARN_OBJC_ROOT_CLASS = YES_ERROR;
				CLANG_WARN_SUSPICIOUS_MOVE = YES;
				CLANG_WARN_UNREACHABLE_CODE = YES;
				CLANG_WARN__DUPLICATE_METHOD_MATCH = YES;
				"CODE_SIGN_IDENTITY[sdk=iphoneos*]" = "iPhone Developer";
				COPY_PHASE_STRIP = NO;
				DEBUG_INFORMATION_FORMAT = dwarf;
				ENABLE_STRICT_OBJC_MSGSEND = YES;
				ENABLE_TESTABILITY = YES;
				GCC_C_LANGUAGE_STANDARD = gnu99;
				GCC_DYNAMIC_NO_PIC = NO;
				GCC_NO_COMMON_BLOCKS = YES;
				GCC_OPTIMIZATION_LEVEL = 0;
				GCC_PREPROCESSOR_DEFINITIONS = (
					"DEBUG=1",
					"$(inherited)",
				);
				GCC_WARN_64_TO_32_BIT_CONVERSION = YES;
				GCC_WARN_ABOUT_RETURN_TYPE = YES_ERROR;
				GCC_WARN_UNDECLARED_SELECTOR = YES;
				GCC_WARN_UNINITIALIZED_AUTOS = YES_AGGRESSIVE;
				GCC_WARN_UNUSED_FUNCTION = YES;
				GCC_WARN_UNUSED_VARIABLE = YES;
				IPHONEOS_DEPLOYMENT_TARGET = 10.3;
				MTL_ENABLE_DEBUG_INFO = YES;
				ONLY_ACTIVE_ARCH = YES;
				SDKROOT = iphoneos;
				SWIFT_ACTIVE_COMPILATION_CONDITIONS = DEBUG;
				SWIFT_OPTIMIZATION_LEVEL = "-Onone";
				TARGETED_DEVICE_FAMILY = "1,2";
			};
			name = Debug;
		};
		B2C9C4501F67C029008E650A /* Release */ = {
			isa = XCBuildConfiguration;
			buildSettings = {
				ALWAYS_SEARCH_USER_PATHS = NO;
				CLANG_ANALYZER_NONNULL = YES;
				CLANG_ANALYZER_NUMBER_OBJECT_CONVERSION = YES_AGGRESSIVE;
				CLANG_CXX_LANGUAGE_STANDARD = "gnu++0x";
				CLANG_CXX_LIBRARY = "libc++";
				CLANG_ENABLE_MODULES = YES;
				CLANG_ENABLE_OBJC_ARC = YES;
				CLANG_WARN_BOOL_CONVERSION = YES;
				CLANG_WARN_CONSTANT_CONVERSION = YES;
				CLANG_WARN_DIRECT_OBJC_ISA_USAGE = YES_ERROR;
				CLANG_WARN_DOCUMENTATION_COMMENTS = YES;
				CLANG_WARN_EMPTY_BODY = YES;
				CLANG_WARN_ENUM_CONVERSION = YES;
				CLANG_WARN_INFINITE_RECURSION = YES;
				CLANG_WARN_INT_CONVERSION = YES;
				CLANG_WARN_OBJC_ROOT_CLASS = YES_ERROR;
				CLANG_WARN_SUSPICIOUS_MOVE = YES;
				CLANG_WARN_UNREACHABLE_CODE = YES;
				CLANG_WARN__DUPLICATE_METHOD_MATCH = YES;
				"CODE_SIGN_IDENTITY[sdk=iphoneos*]" = "iPhone Developer";
				COPY_PHASE_STRIP = NO;
				DEBUG_INFORMATION_FORMAT = "dwarf-with-dsym";
				ENABLE_NS_ASSERTIONS = NO;
				ENABLE_STRICT_OBJC_MSGSEND = YES;
				GCC_C_LANGUAGE_STANDARD = gnu99;
				GCC_NO_COMMON_BLOCKS = YES;
				GCC_WARN_64_TO_32_BIT_CONVERSION = YES;
				GCC_WARN_ABOUT_RETURN_TYPE = YES_ERROR;
				GCC_WARN_UNDECLARED_SELECTOR = YES;
				GCC_WARN_UNINITIALIZED_AUTOS = YES_AGGRESSIVE;
				GCC_WARN_UNUSED_FUNCTION = YES;
				GCC_WARN_UNUSED_VARIABLE = YES;
				IPHONEOS_DEPLOYMENT_TARGET = 10.3;
				MTL_ENABLE_DEBUG_INFO = NO;
				SDKROOT = iphoneos;
				SWIFT_OPTIMIZATION_LEVEL = "-Owholemodule";
				TARGETED_DEVICE_FAMILY = "1,2";
				VALIDATE_PRODUCT = YES;
			};
			name = Release;
		};
		B2C9C4521F67C029008E650A /* Debug */ = {
			isa = XCBuildConfiguration;
			baseConfigurationReference = F44B67C2B4F1868C0C6EBE96 /* Pods-testcustomTabbar.debug.xcconfig */;
			buildSettings = {
				ASSETCATALOG_COMPILER_APPICON_NAME = AppIcon;
				DEVELOPMENT_TEAM = B47DUP6P8L;
				INFOPLIST_FILE = testcustomTabbar/Info.plist;
				IPHONEOS_DEPLOYMENT_TARGET = 9.0;
				LD_RUNPATH_SEARCH_PATHS = "$(inherited) @executable_path/Frameworks";
				PRODUCT_BUNDLE_IDENTIFIER = Huynguyen.testcustomTabbar;
				PRODUCT_NAME = "$(TARGET_NAME)";
				SWIFT_VERSION = 3.0;
			};
			name = Debug;
		};
		B2C9C4531F67C029008E650A /* Release */ = {
			isa = XCBuildConfiguration;
			baseConfigurationReference = 71F559438E8AA67333C076BE /* Pods-testcustomTabbar.release.xcconfig */;
			buildSettings = {
				ASSETCATALOG_COMPILER_APPICON_NAME = AppIcon;
				DEVELOPMENT_TEAM = B47DUP6P8L;
				INFOPLIST_FILE = testcustomTabbar/Info.plist;
				IPHONEOS_DEPLOYMENT_TARGET = 9.0;
				LD_RUNPATH_SEARCH_PATHS = "$(inherited) @executable_path/Frameworks";
				PRODUCT_BUNDLE_IDENTIFIER = Huynguyen.testcustomTabbar;
				PRODUCT_NAME = "$(TARGET_NAME)";
				SWIFT_VERSION = 3.0;
			};
			name = Release;
		};
/* End XCBuildConfiguration section */

/* Begin XCConfigurationList section */
		B2C9C43A1F67C029008E650A /* Build configuration list for PBXProject "testcustomTabbar" */ = {
			isa = XCConfigurationList;
			buildConfigurations = (
				B2C9C44F1F67C029008E650A /* Debug */,
				B2C9C4501F67C029008E650A /* Release */,
			);
			defaultConfigurationIsVisible = 0;
			defaultConfigurationName = Release;
		};
		B2C9C4511F67C029008E650A /* Build configuration list for PBXNativeTarget "testcustomTabbar" */ = {
			isa = XCConfigurationList;
			buildConfigurations = (
				B2C9C4521F67C029008E650A /* Debug */,
				B2C9C4531F67C029008E650A /* Release */,
			);
			defaultConfigurationIsVisible = 0;
			defaultConfigurationName = Release;
		};
/* End XCConfigurationList section */
	};
	rootObject = B2C9C4371F67C029008E650A /* Project object */;
}
