PODS:
  - Google-Mobile-Ads-SDK (7.24.1)
  - Localize-Swift (1.7.1)
  - SnapKit (3.2.0)
  - SwiftyJSON (3.1.4)
  - XLSwiftKit (2.0.1)

DEPENDENCIES:
  - Google-Mobile-Ads-SDK
  - Localize-Swift (~> 1.7)
  - SnapKit (~> 3.2.0)
  - SwiftyJSON
  - XLSwiftKit

SPEC CHECKSUMS:
  Google-Mobile-Ads-SDK: ed8004a7265b424568dc84f3d2bbe3ea3fff958f
  Localize-Swift: 6cabc1087c0e910e77bfa87c2ed3f65c80c0b2df
  SnapKit: 1ca44df72cfa543218d177cb8aab029d10d86ea7
  SwiftyJSON: c2842d878f95482ffceec5709abc3d05680c0220
  XLSwiftKit: aaf29528b340180a5d7b9c7e226c0e8fe188f3f5

PODFILE CHECKSUM: d80ef9189c9fcc1485581bfc9fc5e6033b41b545

COCOAPODS: 1.2.1
